
Microsoft Visual Studio Solution File, Format Version 12.00
# Visual Studio Version 16
VisualStudioVersion = 16.0.30711.63
MinimumVisualStudioVersion = 10.0.40219.1
Project("{FAE04EC0-301F-11D3-BF4B-00C04F79EFBC}") = "FIAP", "FIAP\FIAP.csproj", "{E9C85988-BD4D-46FA-9836-A8A08D3B7897}"
EndProject
Global
	GlobalSection(SolutionConfigurationPlatforms) = preSolution
		Debug|Any CPU = Debug|Any CPU
		Release|Any CPU = Release|Any CPU
	EndGlobalSection
	GlobalSection(ProjectConfigurationPlatforms) = postSolution
		{E9C85988-BD4D-46FA-9836-A8A08D3B7897}.Debug|Any CPU.ActiveCfg = Debug|Any CPU
		{E9C85988-BD4D-46FA-9836-A8A08D3B7897}.Debug|Any CPU.Build.0 = Debug|Any CPU
		{E9C85988-BD4D-46FA-9836-A8A08D3B7897}.Release|Any CPU.ActiveCfg = Release|Any CPU
		{E9C85988-BD4D-46FA-9836-A8A08D3B7897}.Release|Any CPU.Build.0 = Release|Any CPU
	EndGlobalSection
	GlobalSection(SolutionProperties) = preSolution
		HideSolutionNode = FALSE
	EndGlobalSection
	GlobalSection(ExtensibilityGlobals) = postSolution
		SolutionGuid = {D3D96EF0-D945-4300-B7F9-206FB059141D}
	EndGlobalSection
EndGlobal
